dependencies:
- condition: ""
  enabled: false
  import-values: null
  name: mariadb
  repository: https://kubernetes-charts.storage.googleapis.com/
  tags: null
  version: 0.5.9
digest: sha256:679c6bb8fc75936d307bfa8d8f62ea8037be774ec2893dffb685d1ff2d7e4d99
generated: 2017-05-15T16:20:33.257493677+02:00
